
Microsoft Visual Studio Solution File, Format Version 10.00
# Visual Studio 2008
Project("{FAE04EC0-301F-11D3-BF4B-00C04F79EFBC}") = "PDA", "PDA\PDA.csproj", "{B3A26FE0-DE01-430D-90DF-74A999130AB6}"
EndProject
Project("{FAE04EC0-301F-11D3-BF4B-00C04F79EFBC}") = "Model", "..\Common\Model\Model.csproj", "{ED15D343-2308-42C3-AC34-EED994774040}"
EndProject
Project("{FAE04EC0-301F-11D3-BF4B-00C04F79EFBC}") = "TestParse", "TestParse\TestParse.csproj", "{C9BA1B41-7367-4DC7-8B8B-1FE0F7C801C2}"
EndProject
Project("{FAE04EC0-301F-11D3-BF4B-00C04F79EFBC}") = "XMLParser", "XMLParser\XMLParser.csproj", "{F089C260-6BFA-48B3-8BBB-1F4B5F610829}"
EndProject
Project("{FAE04EC0-301F-11D3-BF4B-00C04F79EFBC}") = "ClientDomoService", "ClientDomoService\ClientDomoService.csproj", "{B2DE98A6-89B4-4AC5-BA88-E9639F80F120}"
EndProject
Global
	GlobalSection(SolutionConfigurationPlatforms) = preSolution
		Debug|Any CPU = Debug|Any CPU
		Release|Any CPU = Release|Any CPU
	EndGlobalSection
	GlobalSection(ProjectConfigurationPlatforms) = postSolution
		{B3A26FE0-DE01-430D-90DF-74A999130AB6}.Debug|Any CPU.ActiveCfg = Debug|Any CPU
		{B3A26FE0-DE01-430D-90DF-74A999130AB6}.Debug|Any CPU.Build.0 = Debug|Any CPU
		{B3A26FE0-DE01-430D-90DF-74A999130AB6}.Release|Any CPU.ActiveCfg = Release|Any CPU
		{B3A26FE0-DE01-430D-90DF-74A999130AB6}.Release|Any CPU.Build.0 = Release|Any CPU
		{B3A26FE0-DE01-430D-90DF-74A999130AB6}.Release|Any CPU.Deploy.0 = Release|Any CPU
		{ED15D343-2308-42C3-AC34-EED994774040}.Debug|Any CPU.ActiveCfg = Debug|Any CPU
		{ED15D343-2308-42C3-AC34-EED994774040}.Debug|Any CPU.Build.0 = Debug|Any CPU
		{ED15D343-2308-42C3-AC34-EED994774040}.Release|Any CPU.ActiveCfg = Release|Any CPU
		{ED15D343-2308-42C3-AC34-EED994774040}.Release|Any CPU.Build.0 = Release|Any CPU
		{C9BA1B41-7367-4DC7-8B8B-1FE0F7C801C2}.Debug|Any CPU.ActiveCfg = Debug|Any CPU
		{C9BA1B41-7367-4DC7-8B8B-1FE0F7C801C2}.Debug|Any CPU.Build.0 = Debug|Any CPU
		{C9BA1B41-7367-4DC7-8B8B-1FE0F7C801C2}.Debug|Any CPU.Deploy.0 = Debug|Any CPU
		{C9BA1B41-7367-4DC7-8B8B-1FE0F7C801C2}.Release|Any CPU.ActiveCfg = Release|Any CPU
		{C9BA1B41-7367-4DC7-8B8B-1FE0F7C801C2}.Release|Any CPU.Build.0 = Release|Any CPU
		{F089C260-6BFA-48B3-8BBB-1F4B5F610829}.Debug|Any CPU.ActiveCfg = Debug|Any CPU
		{F089C260-6BFA-48B3-8BBB-1F4B5F610829}.Debug|Any CPU.Build.0 = Debug|Any CPU
		{F089C260-6BFA-48B3-8BBB-1F4B5F610829}.Release|Any CPU.ActiveCfg = Release|Any CPU
		{F089C260-6BFA-48B3-8BBB-1F4B5F610829}.Release|Any CPU.Build.0 = Release|Any CPU
		{B2DE98A6-89B4-4AC5-BA88-E9639F80F120}.Debug|Any CPU.ActiveCfg = Debug|Any CPU
		{B2DE98A6-89B4-4AC5-BA88-E9639F80F120}.Debug|Any CPU.Build.0 = Debug|Any CPU
		{B2DE98A6-89B4-4AC5-BA88-E9639F80F120}.Release|Any CPU.ActiveCfg = Release|Any CPU
		{B2DE98A6-89B4-4AC5-BA88-E9639F80F120}.Release|Any CPU.Build.0 = Release|Any CPU
	EndGlobalSection
	GlobalSection(SolutionProperties) = preSolution
		HideSolutionNode = FALSE
	EndGlobalSection
EndGlobal
